// !$*UTF8*$!
{
	archiveVersion = 1;
	classes = {
	};
	objectVersion = 56;
	objects = {

/* Begin PBXBuildFile section */
		9A952BD52B050B6F00457CE0 /* SplashScreen.swift in Sources */ = {isa = PBXBuildFile; fileRef = 9A952BD42B050B6F00457CE0 /* SplashScreen.swift */; };
		9A952BD72B050BBA00457CE0 /* User.swift in Sources */ = {isa = PBXBuildFile; fileRef = 9A952BD62B050BBA00457CE0 /* User.swift */; };
		9A952BE12B050C5C00457CE0 /* LoginView.swift in Sources */ = {isa = PBXBuildFile; fileRef = 9A952BE02B050C5C00457CE0 /* LoginView.swift */; };
		9ABBEA2F2B014C3C00364BFE /* BookBridgeApp.swift in Sources */ = {isa = PBXBuildFile; fileRef = 9ABBEA2E2B014C3C00364BFE /* BookBridgeApp.swift */; };
		9ABBEA332B014C3C00364BFE /* Assets.xcassets in Resources */ = {isa = PBXBuildFile; fileRef = 9ABBEA322B014C3C00364BFE /* Assets.xcassets */; };
		9ABBEA362B014C3C00364BFE /* Preview Assets.xcassets in Resources */ = {isa = PBXBuildFile; fileRef = 9ABBEA352B014C3C00364BFE /* Preview Assets.xcassets */; };
		9ABBEA402B014C3C00364BFE /* BookBridgeTests.swift in Sources */ = {isa = PBXBuildFile; fileRef = 9ABBEA3F2B014C3C00364BFE /* BookBridgeTests.swift */; };
		9ABBEA4A2B014C3C00364BFE /* BookBridgeUITests.swift in Sources */ = {isa = PBXBuildFile; fileRef = 9ABBEA492B014C3C00364BFE /* BookBridgeUITests.swift */; };
		9ABBEA4C2B014C3C00364BFE /* BookBridgeUITestsLaunchTests.swift in Sources */ = {isa = PBXBuildFile; fileRef = 9ABBEA4B2B014C3C00364BFE /* BookBridgeUITestsLaunchTests.swift */; };
		9AD130E52B0B4C06006D68AD /* RegisterView.swift in Sources */ = {isa = PBXBuildFile; fileRef = 9AD130E42B0B4C06006D68AD /* RegisterView.swift */; };
		9AD130E72B0B4DAE006D68AD /* Book.swift in Sources */ = {isa = PBXBuildFile; fileRef = 9AD130E62B0B4DAE006D68AD /* Book.swift */; };
		9AD130EB2B0B51AD006D68AD /* BookViewModel.swift in Sources */ = {isa = PBXBuildFile; fileRef = 9AD130EA2B0B51AD006D68AD /* BookViewModel.swift */; };
		9AD130ED2B0B51E2006D68AD /* AddBookView.swift in Sources */ = {isa = PBXBuildFile; fileRef = 9AD130EC2B0B51E2006D68AD /* AddBookView.swift */; };
		9AD130EF2B0B5218006D68AD /* BookDetailView.swift in Sources */ = {isa = PBXBuildFile; fileRef = 9AD130EE2B0B5218006D68AD /* BookDetailView.swift */; };
		9AD130F12B0B523B006D68AD /* BookListView.swift in Sources */ = {isa = PBXBuildFile; fileRef = 9AD130F02B0B523B006D68AD /* BookListView.swift */; };
		9AD130F32B0B525F006D68AD /* BookRowView.swift in Sources */ = {isa = PBXBuildFile; fileRef = 9AD130F22B0B525F006D68AD /* BookRowView.swift */; };
		9AD130F52B0B527F006D68AD /* FilteredBookView.swift in Sources */ = {isa = PBXBuildFile; fileRef = 9AD130F42B0B527F006D68AD /* FilteredBookView.swift */; };
		9AD130F72B0B52A3006D68AD /* HomeView.swift in Sources */ = {isa = PBXBuildFile; fileRef = 9AD130F62B0B52A3006D68AD /* HomeView.swift */; };
		9AD130F92B0B52C3006D68AD /* SearchBar.swift in Sources */ = {isa = PBXBuildFile; fileRef = 9AD130F82B0B52C3006D68AD /* SearchBar.swift */; };
		9AFD0AB02B02A8EB009473BC /* GoogleService-Info.plist in Resources */ = {isa = PBXBuildFile; fileRef = 9AFD0AAF2B02A8EB009473BC /* GoogleService-Info.plist */; };
		9AFD0AB32B02AD02009473BC /* FirebaseAnalytics in Frameworks */ = {isa = PBXBuildFile; productRef = 9AFD0AB22B02AD02009473BC /* FirebaseAnalytics */; };
		9AFD0AB52B02AD02009473BC /* FirebaseAnalyticsOnDeviceConversion in Frameworks */ = {isa = PBXBuildFile; productRef = 9AFD0AB42B02AD02009473BC /* FirebaseAnalyticsOnDeviceConversion */; };
		9AFD0AB72B02AD02009473BC /* FirebaseAnalyticsSwift in Frameworks */ = {isa = PBXBuildFile; productRef = 9AFD0AB62B02AD02009473BC /* FirebaseAnalyticsSwift */; };
		9AFD0AB92B02AD02009473BC /* FirebaseAnalyticsWithoutAdIdSupport in Frameworks */ = {isa = PBXBuildFile; productRef = 9AFD0AB82B02AD02009473BC /* FirebaseAnalyticsWithoutAdIdSupport */; };
		9AFD0ABB2B02AD02009473BC /* FirebaseAppCheck in Frameworks */ = {isa = PBXBuildFile; productRef = 9AFD0ABA2B02AD02009473BC /* FirebaseAppCheck */; };
		9AFD0ABD2B02AD02009473BC /* FirebaseAppDistribution-Beta in Frameworks */ = {isa = PBXBuildFile; productRef = 9AFD0ABC2B02AD02009473BC /* FirebaseAppDistribution-Beta */; };
		9AFD0ABF2B02AD02009473BC /* FirebaseAuth in Frameworks */ = {isa = PBXBuildFile; productRef = 9AFD0ABE2B02AD02009473BC /* FirebaseAuth */; };
		9AFD0AC12B02AD02009473BC /* FirebaseAuthCombine-Community in Frameworks */ = {isa = PBXBuildFile; productRef = 9AFD0AC02B02AD02009473BC /* FirebaseAuthCombine-Community */; };
		9AFD0AC32B02AD02009473BC /* FirebaseCrashlytics in Frameworks */ = {isa = PBXBuildFile; productRef = 9AFD0AC22B02AD02009473BC /* FirebaseCrashlytics */; };
		9AFD0AC52B02AD02009473BC /* FirebaseDatabase in Frameworks */ = {isa = PBXBuildFile; productRef = 9AFD0AC42B02AD02009473BC /* FirebaseDatabase */; };
		9AFD0AC72B02AD02009473BC /* FirebaseDatabaseSwift in Frameworks */ = {isa = PBXBuildFile; productRef = 9AFD0AC62B02AD02009473BC /* FirebaseDatabaseSwift */; };
		9AFD0AC92B02AD02009473BC /* FirebaseDynamicLinks in Frameworks */ = {isa = PBXBuildFile; productRef = 9AFD0AC82B02AD02009473BC /* FirebaseDynamicLinks */; };
		9AFD0ACB2B02AD02009473BC /* FirebaseFirestore in Frameworks */ = {isa = PBXBuildFile; productRef = 9AFD0ACA2B02AD02009473BC /* FirebaseFirestore */; };
		9AFD0ACD2B02AD02009473BC /* FirebaseFirestoreCombine-Community in Frameworks */ = {isa = PBXBuildFile; productRef = 9AFD0ACC2B02AD02009473BC /* FirebaseFirestoreCombine-Community */; };
		9AFD0ACF2B02AD02009473BC /* FirebaseFirestoreSwift in Frameworks */ = {isa = PBXBuildFile; productRef = 9AFD0ACE2B02AD02009473BC /* FirebaseFirestoreSwift */; };
		9AFD0AD12B02AD02009473BC /* FirebaseFunctions in Frameworks */ = {isa = PBXBuildFile; productRef = 9AFD0AD02B02AD02009473BC /* FirebaseFunctions */; };
		9AFD0AD32B02AD02009473BC /* FirebaseFunctionsCombine-Community in Frameworks */ = {isa = PBXBuildFile; productRef = 9AFD0AD22B02AD02009473BC /* FirebaseFunctionsCombine-Community */; };
		9AFD0AD52B02AD02009473BC /* FirebaseInAppMessaging-Beta in Frameworks */ = {isa = PBXBuildFile; productRef = 9AFD0AD42B02AD02009473BC /* FirebaseInAppMessaging-Beta */; };
		9AFD0AD72B02AD02009473BC /* FirebaseInAppMessagingSwift-Beta in Frameworks */ = {isa = PBXBuildFile; productRef = 9AFD0AD62B02AD02009473BC /* FirebaseInAppMessagingSwift-Beta */; };
		9AFD0AD92B02AD02009473BC /* FirebaseInstallations in Frameworks */ = {isa = PBXBuildFile; productRef = 9AFD0AD82B02AD02009473BC /* FirebaseInstallations */; };
		9AFD0ADB2B02AD02009473BC /* FirebaseMLModelDownloader in Frameworks */ = {isa = PBXBuildFile; productRef = 9AFD0ADA2B02AD02009473BC /* FirebaseMLModelDownloader */; };
		9AFD0ADD2B02AD02009473BC /* FirebaseMessaging in Frameworks */ = {isa = PBXBuildFile; productRef = 9AFD0ADC2B02AD02009473BC /* FirebaseMessaging */; };
		9AFD0ADF2B02AD02009473BC /* FirebasePerformance in Frameworks */ = {isa = PBXBuildFile; productRef = 9AFD0ADE2B02AD02009473BC /* FirebasePerformance */; };
		9AFD0AE12B02AD02009473BC /* FirebaseRemoteConfig in Frameworks */ = {isa = PBXBuildFile; productRef = 9AFD0AE02B02AD02009473BC /* FirebaseRemoteConfig */; };
		9AFD0AE32B02AD02009473BC /* FirebaseRemoteConfigSwift in Frameworks */ = {isa = PBXBuildFile; productRef = 9AFD0AE22B02AD02009473BC /* FirebaseRemoteConfigSwift */; };
		9AFD0AE52B02AD02009473BC /* FirebaseStorage in Frameworks */ = {isa = PBXBuildFile; productRef = 9AFD0AE42B02AD02009473BC /* FirebaseStorage */; };
		9AFD0AE72B02AD02009473BC /* FirebaseStorageCombine-Community in Frameworks */ = {isa = PBXBuildFile; productRef = 9AFD0AE62B02AD02009473BC /* FirebaseStorageCombine-Community */; };
/* End PBXBuildFile section */

/* Begin PBXContainerItemProxy section */
		9ABBEA3C2B014C3C00364BFE /* PBXContainerItemProxy */ = {
			isa = PBXContainerItemProxy;
			containerPortal = 9ABBEA232B014C3C00364BFE /* Project object */;
			proxyType = 1;
			remoteGlobalIDString = 9ABBEA2A2B014C3C00364BFE;
			remoteInfo = BookBridge;
		};
		9ABBEA462B014C3C00364BFE /* PBXContainerItemProxy */ = {
			isa = PBXContainerItemProxy;
			containerPortal = 9ABBEA232B014C3C00364BFE /* Project object */;
			proxyType = 1;
			remoteGlobalIDString = 9ABBEA2A2B014C3C00364BFE;
			remoteInfo = BookBridge;
		};
/* End PBXContainerItemProxy section */

/* Begin PBXFileReference section */
		9A952BD42B050B6F00457CE0 /* SplashScreen.swift */ = {isa = PBXFileReference; lastKnownFileType = sourcecode.swift; path = SplashScreen.swift; sourceTree = "<group>"; };
		9A952BD62B050BBA00457CE0 /* User.swift */ = {isa = PBXFileReference; lastKnownFileType = sourcecode.swift; path = User.swift; sourceTree = "<group>"; };
		9A952BE02B050C5C00457CE0 /* LoginView.swift */ = {isa = PBXFileReference; lastKnownFileType = sourcecode.swift; path = LoginView.swift; sourceTree = "<group>"; };
		9ABBEA2B2B014C3C00364BFE /* BookBridge.app */ = {isa = PBXFileReference; explicitFileType = wrapper.application; includeInIndex = 0; path = BookBridge.app; sourceTree = BUILT_PRODUCTS_DIR; };
		9ABBEA2E2B014C3C00364BFE /* BookBridgeApp.swift */ = {isa = PBXFileReference; lastKnownFileType = sourcecode.swift; path = BookBridgeApp.swift; sourceTree = "<group>"; };
		9ABBEA322B014C3C00364BFE /* Assets.xcassets */ = {isa = PBXFileReference; lastKnownFileType = folder.assetcatalog; path = Assets.xcassets; sourceTree = "<group>"; };
		9ABBEA352B014C3C00364BFE /* Preview Assets.xcassets */ = {isa = PBXFileReference; lastKnownFileType = folder.assetcatalog; path = "Preview Assets.xcassets"; sourceTree = "<group>"; };
		9ABBEA3B2B014C3C00364BFE /* BookBridgeTests.xctest */ = {isa = PBXFileReference; explicitFileType = wrapper.cfbundle; includeInIndex = 0; path = BookBridgeTests.xctest; sourceTree = BUILT_PRODUCTS_DIR; };
		9ABBEA3F2B014C3C00364BFE /* BookBridgeTests.swift */ = {isa = PBXFileReference; lastKnownFileType = sourcecode.swift; path = BookBridgeTests.swift; sourceTree = "<group>"; };
		9ABBEA452B014C3C00364BFE /* BookBridgeUITests.xctest */ = {isa = PBXFileReference; explicitFileType = wrapper.cfbundle; includeInIndex = 0; path = BookBridgeUITests.xctest; sourceTree = BUILT_PRODUCTS_DIR; };
		9ABBEA492B014C3C00364BFE /* BookBridgeUITests.swift */ = {isa = PBXFileReference; lastKnownFileType = sourcecode.swift; path = BookBridgeUITests.swift; sourceTree = "<group>"; };
		9ABBEA4B2B014C3C00364BFE /* BookBridgeUITestsLaunchTests.swift */ = {isa = PBXFileReference; lastKnownFileType = sourcecode.swift; path = BookBridgeUITestsLaunchTests.swift; sourceTree = "<group>"; };
		9AD130E42B0B4C06006D68AD /* RegisterView.swift */ = {isa = PBXFileReference; lastKnownFileType = sourcecode.swift; path = RegisterView.swift; sourceTree = "<group>"; };
		9AD130E62B0B4DAE006D68AD /* Book.swift */ = {isa = PBXFileReference; lastKnownFileType = sourcecode.swift; path = Book.swift; sourceTree = "<group>"; };
		9AD130EA2B0B51AD006D68AD /* BookViewModel.swift */ = {isa = PBXFileReference; lastKnownFileType = sourcecode.swift; path = BookViewModel.swift; sourceTree = "<group>"; };
		9AD130EC2B0B51E2006D68AD /* AddBookView.swift */ = {isa = PBXFileReference; lastKnownFileType = sourcecode.swift; path = AddBookView.swift; sourceTree = "<group>"; };
		9AD130EE2B0B5218006D68AD /* BookDetailView.swift */ = {isa = PBXFileReference; lastKnownFileType = sourcecode.swift; path = BookDetailView.swift; sourceTree = "<group>"; };
		9AD130F02B0B523B006D68AD /* BookListView.swift */ = {isa = PBXFileReference; lastKnownFileType = sourcecode.swift; path = BookListView.swift; sourceTree = "<group>"; };
		9AD130F22B0B525F006D68AD /* BookRowView.swift */ = {isa = PBXFileReference; lastKnownFileType = sourcecode.swift; path = BookRowView.swift; sourceTree = "<group>"; };
		9AD130F42B0B527F006D68AD /* FilteredBookView.swift */ = {isa = PBXFileReference; lastKnownFileType = sourcecode.swift; path = FilteredBookView.swift; sourceTree = "<group>"; };
		9AD130F62B0B52A3006D68AD /* HomeView.swift */ = {isa = PBXFileReference; lastKnownFileType = sourcecode.swift; path = HomeView.swift; sourceTree = "<group>"; };
		9AD130F82B0B52C3006D68AD /* SearchBar.swift */ = {isa = PBXFileReference; lastKnownFileType = sourcecode.swift; path = SearchBar.swift; sourceTree = "<group>"; };
		9AFD0AAF2B02A8EB009473BC /* GoogleService-Info.plist */ = {isa = PBXFileReference; fileEncoding = 4; lastKnownFileType = text.plist.xml; path = "GoogleService-Info.plist"; sourceTree = "<group>"; };
/* End PBXFileReference section */

/* Begin PBXFrameworksBuildPhase section */
		9ABBEA282B014C3C00364BFE /* Frameworks */ = {
			isa = PBXFrameworksBuildPhase;
			buildActionMask = 2147483647;
			files = (
				9AFD0AC52B02AD02009473BC /* FirebaseDatabase in Frameworks */,
				9AFD0AD32B02AD02009473BC /* FirebaseFunctionsCombine-Community in Frameworks */,
				9AFD0ACB2B02AD02009473BC /* FirebaseFirestore in Frameworks */,
				9AFD0AB72B02AD02009473BC /* FirebaseAnalyticsSwift in Frameworks */,
				9AFD0AB32B02AD02009473BC /* FirebaseAnalytics in Frameworks */,
				9AFD0AB52B02AD02009473BC /* FirebaseAnalyticsOnDeviceConversion in Frameworks */,
				9AFD0ADB2B02AD02009473BC /* FirebaseMLModelDownloader in Frameworks */,
				9AFD0ACF2B02AD02009473BC /* FirebaseFirestoreSwift in Frameworks */,
				9AFD0ABB2B02AD02009473BC /* FirebaseAppCheck in Frameworks */,
				9AFD0AB92B02AD02009473BC /* FirebaseAnalyticsWithoutAdIdSupport in Frameworks */,
				9AFD0ABF2B02AD02009473BC /* FirebaseAuth in Frameworks */,
				9AFD0AC32B02AD02009473BC /* FirebaseCrashlytics in Frameworks */,
				9AFD0AE32B02AD02009473BC /* FirebaseRemoteConfigSwift in Frameworks */,
				9AFD0AD52B02AD02009473BC /* FirebaseInAppMessaging-Beta in Frameworks */,
				9AFD0AC72B02AD02009473BC /* FirebaseDatabaseSwift in Frameworks */,
				9AFD0AD12B02AD02009473BC /* FirebaseFunctions in Frameworks */,
				9AFD0AE72B02AD02009473BC /* FirebaseStorageCombine-Community in Frameworks */,
				9AFD0AE12B02AD02009473BC /* FirebaseRemoteConfig in Frameworks */,
				9AFD0ABD2B02AD02009473BC /* FirebaseAppDistribution-Beta in Frameworks */,
				9AFD0AC12B02AD02009473BC /* FirebaseAuthCombine-Community in Frameworks */,
				9AFD0ADF2B02AD02009473BC /* FirebasePerformance in Frameworks */,
				9AFD0AD72B02AD02009473BC /* FirebaseInAppMessagingSwift-Beta in Frameworks */,
				9AFD0AE52B02AD02009473BC /* FirebaseStorage in Frameworks */,
				9AFD0AC92B02AD02009473BC /* FirebaseDynamicLinks in Frameworks */,
				9AFD0ACD2B02AD02009473BC /* FirebaseFirestoreCombine-Community in Frameworks */,
				9AFD0ADD2B02AD02009473BC /* FirebaseMessaging in Frameworks */,
				9AFD0AD92B02AD02009473BC /* FirebaseInstallations in Frameworks */,
			);
			runOnlyForDeploymentPostprocessing = 0;
		};
		9ABBEA382B014C3C00364BFE /* Frameworks */ = {
			isa = PBXFrameworksBuildPhase;
			buildActionMask = 2147483647;
			files = (
			);
			runOnlyForDeploymentPostprocessing = 0;
		};
		9ABBEA422B014C3C00364BFE /* Frameworks */ = {
			isa = PBXFrameworksBuildPhase;
			buildActionMask = 2147483647;
			files = (
			);
			runOnlyForDeploymentPostprocessing = 0;
		};
/* End PBXFrameworksBuildPhase section */

/* Begin PBXGroup section */
		9ABBEA222B014C3C00364BFE = {
			isa = PBXGroup;
			children = (
				9ABBEA2D2B014C3C00364BFE /* BookBridge */,
				9ABBEA3E2B014C3C00364BFE /* BookBridgeTests */,
				9ABBEA482B014C3C00364BFE /* BookBridgeUITests */,
				9ABBEA2C2B014C3C00364BFE /* Products */,
			);
			sourceTree = "<group>";
		};
		9ABBEA2C2B014C3C00364BFE /* Products */ = {
			isa = PBXGroup;
			children = (
				9ABBEA2B2B014C3C00364BFE /* BookBridge.app */,
				9ABBEA3B2B014C3C00364BFE /* BookBridgeTests.xctest */,
				9ABBEA452B014C3C00364BFE /* BookBridgeUITests.xctest */,
			);
			name = Products;
			sourceTree = "<group>";
		};
		9ABBEA2D2B014C3C00364BFE /* BookBridge */ = {
			isa = PBXGroup;
			children = (
				9AD130FA2B0B52ED006D68AD /* Views */,
				9ABBEA2E2B014C3C00364BFE /* BookBridgeApp.swift */,
				9AD130E92B0B50DB006D68AD /* ViewModels */,
				9AD130E82B0B4FEC006D68AD /* Models */,
				9A952BD42B050B6F00457CE0 /* SplashScreen.swift */,
				9AD130E42B0B4C06006D68AD /* RegisterView.swift */,
				9A952BE02B050C5C00457CE0 /* LoginView.swift */,
				9AD130EC2B0B51E2006D68AD /* AddBookView.swift */,
				9AD130EE2B0B5218006D68AD /* BookDetailView.swift */,
				9AD130F02B0B523B006D68AD /* BookListView.swift */,
				9AD130F22B0B525F006D68AD /* BookRowView.swift */,
				9AD130F42B0B527F006D68AD /* FilteredBookView.swift */,
				9AD130F62B0B52A3006D68AD /* HomeView.swift */,
				9AD130F82B0B52C3006D68AD /* SearchBar.swift */,
				9ABBEA322B014C3C00364BFE /* Assets.xcassets */,
				9AFD0AAF2B02A8EB009473BC /* GoogleService-Info.plist */,
				9ABBEA342B014C3C00364BFE /* Preview Content */,
			);
			path = BookBridge;
			sourceTree = "<group>";
		};
		9ABBEA342B014C3C00364BFE /* Preview Content */ = {
			isa = PBXGroup;
			children = (
				9ABBEA352B014C3C00364BFE /* Preview Assets.xcassets */,
			);
			path = "Preview Content";
			sourceTree = "<group>";
		};
		9ABBEA3E2B014C3C00364BFE /* BookBridgeTests */ = {
			isa = PBXGroup;
			children = (
				9ABBEA3F2B014C3C00364BFE /* BookBridgeTests.swift */,
			);
			path = BookBridgeTests;
			sourceTree = "<group>";
		};
		9ABBEA482B014C3C00364BFE /* BookBridgeUITests */ = {
			isa = PBXGroup;
			children = (
				9ABBEA492B014C3C00364BFE /* BookBridgeUITests.swift */,
				9ABBEA4B2B014C3C00364BFE /* BookBridgeUITestsLaunchTests.swift */,
			);
			path = BookBridgeUITests;
			sourceTree = "<group>";
		};
		9AD130E82B0B4FEC006D68AD /* Models */ = {
			isa = PBXGroup;
			children = (
				9A952BD62B050BBA00457CE0 /* User.swift */,
				9AD130E62B0B4DAE006D68AD /* Book.swift */,
			);
			path = Models;
			sourceTree = "<group>";
		};
		9AD130E92B0B50DB006D68AD /* ViewModels */ = {
			isa = PBXGroup;
			children = (
				9AD130EA2B0B51AD006D68AD /* BookViewModel.swift */,
			);
			path = ViewModels;
			sourceTree = "<group>";
		};
		9AD130FA2B0B52ED006D68AD /* Views */ = {
			isa = PBXGroup;
			children = (
			);
			path = Views;
			sourceTree = "<group>";
		};
/* End PBXGroup section */

/* Begin PBXNativeTarget section */
		9ABBEA2A2B014C3C00364BFE /* BookBridge */ = {
			isa = PBXNativeTarget;
			buildConfigurationList = 9ABBEA4F2B014C3D00364BFE /* Build configuration list for PBXNativeTarget "BookBridge" */;
			buildPhases = (
				9ABBEA272B014C3C00364BFE /* Sources */,
				9ABBEA282B014C3C00364BFE /* Frameworks */,
				9ABBEA292B014C3C00364BFE /* Resources */,
			);
			buildRules = (
			);
			dependencies = (
			);
			name = BookBridge;
			packageProductDependencies = (
				9AFD0AB22B02AD02009473BC /* FirebaseAnalytics */,
				9AFD0AB42B02AD02009473BC /* FirebaseAnalyticsOnDeviceConversion */,
				9AFD0AB62B02AD02009473BC /* FirebaseAnalyticsSwift */,
				9AFD0AB82B02AD02009473BC /* FirebaseAnalyticsWithoutAdIdSupport */,
				9AFD0ABA2B02AD02009473BC /* FirebaseAppCheck */,
				9AFD0ABC2B02AD02009473BC /* FirebaseAppDistribution-Beta */,
				9AFD0ABE2B02AD02009473BC /* FirebaseAuth */,
				9AFD0AC02B02AD02009473BC /* FirebaseAuthCombine-Community */,
				9AFD0AC22B02AD02009473BC /* FirebaseCrashlytics */,
				9AFD0AC42B02AD02009473BC /* FirebaseDatabase */,
				9AFD0AC62B02AD02009473BC /* FirebaseDatabaseSwift */,
				9AFD0AC82B02AD02009473BC /* FirebaseDynamicLinks */,
				9AFD0ACA2B02AD02009473BC /* FirebaseFirestore */,
				9AFD0ACC2B02AD02009473BC /* FirebaseFirestoreCombine-Community */,
				9AFD0ACE2B02AD02009473BC /* FirebaseFirestoreSwift */,
				9AFD0AD02B02AD02009473BC /* FirebaseFunctions */,
				9AFD0AD22B02AD02009473BC /* FirebaseFunctionsCombine-Community */,
				9AFD0AD42B02AD02009473BC /* FirebaseInAppMessaging-Beta */,
				9AFD0AD62B02AD02009473BC /* FirebaseInAppMessagingSwift-Beta */,
				9AFD0AD82B02AD02009473BC /* FirebaseInstallations */,
				9AFD0ADA2B02AD02009473BC /* FirebaseMLModelDownloader */,
				9AFD0ADC2B02AD02009473BC /* FirebaseMessaging */,
				9AFD0ADE2B02AD02009473BC /* FirebasePerformance */,
				9AFD0AE02B02AD02009473BC /* FirebaseRemoteConfig */,
				9AFD0AE22B02AD02009473BC /* FirebaseRemoteConfigSwift */,
				9AFD0AE42B02AD02009473BC /* FirebaseStorage */,
				9AFD0AE62B02AD02009473BC /* FirebaseStorageCombine-Community */,
			);
			productName = BookBridge;
			productReference = 9ABBEA2B2B014C3C00364BFE /* BookBridge.app */;
			productType = "com.apple.product-type.application";
		};
		9ABBEA3A2B014C3C00364BFE /* BookBridgeTests */ = {
			isa = PBXNativeTarget;
			buildConfigurationList = 9ABBEA522B014C3D00364BFE /* Build configuration list for PBXNativeTarget "BookBridgeTests" */;
			buildPhases = (
				9ABBEA372B014C3C00364BFE /* Sources */,
				9ABBEA382B014C3C00364BFE /* Frameworks */,
				9ABBEA392B014C3C00364BFE /* Resources */,
			);
			buildRules = (
			);
			dependencies = (
				9ABBEA3D2B014C3C00364BFE /* PBXTargetDependency */,
			);
			name = BookBridgeTests;
			productName = BookBridgeTests;
			productReference = 9ABBEA3B2B014C3C00364BFE /* BookBridgeTests.xctest */;
			productType = "com.apple.product-type.bundle.unit-test";
		};
		9ABBEA442B014C3C00364BFE /* BookBridgeUITests */ = {
			isa = PBXNativeTarget;
			buildConfigurationList = 9ABBEA552B014C3D00364BFE /* Build configuration list for PBXNativeTarget "BookBridgeUITests" */;
			buildPhases = (
				9ABBEA412B014C3C00364BFE /* Sources */,
				9ABBEA422B014C3C00364BFE /* Frameworks */,
				9ABBEA432B014C3C00364BFE /* Resources */,
			);
			buildRules = (
			);
			dependencies = (
				9ABBEA472B014C3C00364BFE /* PBXTargetDependency */,
			);
			name = BookBridgeUITests;
			productName = BookBridgeUITests;
			productReference = 9ABBEA452B014C3C00364BFE /* BookBridgeUITests.xctest */;
			productType = "com.apple.product-type.bundle.ui-testing";
		};
/* End PBXNativeTarget section */

/* Begin PBXProject section */
		9ABBEA232B014C3C00364BFE /* Project object */ = {
			isa = PBXProject;
			attributes = {
				BuildIndependentTargetsInParallel = 1;
				LastSwiftUpdateCheck = 1430;
				LastUpgradeCheck = 1430;
				TargetAttributes = {
					9ABBEA2A2B014C3C00364BFE = {
						CreatedOnToolsVersion = 14.3;
					};
					9ABBEA3A2B014C3C00364BFE = {
						CreatedOnToolsVersion = 14.3;
						TestTargetID = 9ABBEA2A2B014C3C00364BFE;
					};
					9ABBEA442B014C3C00364BFE = {
						CreatedOnToolsVersion = 14.3;
						TestTargetID = 9ABBEA2A2B014C3C00364BFE;
					};
				};
			};
			buildConfigurationList = 9ABBEA262B014C3C00364BFE /* Build configuration list for PBXProject "BookBridge" */;
			compatibilityVersion = "Xcode 14.0";
			developmentRegion = en;
			hasScannedForEncodings = 0;
			knownRegions = (
				en,
				Base,
			);
			mainGroup = 9ABBEA222B014C3C00364BFE;
			packageReferences = (
				9AFD0AB12B02AD02009473BC /* XCRemoteSwiftPackageReference "firebase-ios-sdk" */,
			);
			productRefGroup = 9ABBEA2C2B014C3C00364BFE /* Products */;
			projectDirPath = "";
			projectRoot = "";
			targets = (
				9ABBEA2A2B014C3C00364BFE /* BookBridge */,
				9ABBEA3A2B014C3C00364BFE /* BookBridgeTests */,
				9ABBEA442B014C3C00364BFE /* BookBridgeUITests */,
			);
		};
/* End PBXProject section */

/* Begin PBXResourcesBuildPhase section */
		9ABBEA292B014C3C00364BFE /* Resources */ = {
			isa = PBXResourcesBuildPhase;
			buildActionMask = 2147483647;
			files = (
				9ABBEA362B014C3C00364BFE /* Preview Assets.xcassets in Resources */,
				9ABBEA332B014C3C00364BFE /* Assets.xcassets in Resources */,
				9AFD0AB02B02A8EB009473BC /* GoogleService-Info.plist in Resources */,
			);
			runOnlyForDeploymentPostprocessing = 0;
		};
		9ABBEA392B014C3C00364BFE /* Resources */ = {
			isa = PBXResourcesBuildPhase;
			buildActionMask = 2147483647;
			files = (
			);
			runOnlyForDeploymentPostprocessing = 0;
		};
		9ABBEA432B014C3C00364BFE /* Resources */ = {
			isa = PBXResourcesBuildPhase;
			buildActionMask = 2147483647;
			files = (
			);
			runOnlyForDeploymentPostprocessing = 0;
		};
/* End PBXResourcesBuildPhase section */

/* Begin PBXSourcesBuildPhase section */
		9ABBEA272B014C3C00364BFE /* Sources */ = {
			isa = PBXSourcesBuildPhase;
			buildActionMask = 2147483647;
			files = (
				9AD130E72B0B4DAE006D68AD /* Book.swift in Sources */,
				9A952BD52B050B6F00457CE0 /* SplashScreen.swift in Sources */,
				9AD130F52B0B527F006D68AD /* FilteredBookView.swift in Sources */,
				9AD130F72B0B52A3006D68AD /* HomeView.swift in Sources */,
				9AD130F92B0B52C3006D68AD /* SearchBar.swift in Sources */,
				9AD130E52B0B4C06006D68AD /* RegisterView.swift in Sources */,
				9ABBEA2F2B014C3C00364BFE /* BookBridgeApp.swift in Sources */,
				9AD130EB2B0B51AD006D68AD /* BookViewModel.swift in Sources */,
				9A952BE12B050C5C00457CE0 /* LoginView.swift in Sources */,
				9AD130F32B0B525F006D68AD /* BookRowView.swift in Sources */,
				9AD130F12B0B523B006D68AD /* BookListView.swift in Sources */,
				9A952BD72B050BBA00457CE0 /* User.swift in Sources */,
				9AD130EF2B0B5218006D68AD /* BookDetailView.swift in Sources */,
				9AD130ED2B0B51E2006D68AD /* AddBookView.swift in Sources */,
			);
			runOnlyForDeploymentPostprocessing = 0;
		};
		9ABBEA372B014C3C00364BFE /* Sources */ = {
			isa = PBXSourcesBuildPhase;
			buildActionMask = 2147483647;
			files = (
				9ABBEA402B014C3C00364BFE /* BookBridgeTests.swift in Sources */,
			);
			runOnlyForDeploymentPostprocessing = 0;
		};
		9ABBEA412B014C3C00364BFE /* Sources */ = {
			isa = PBXSourcesBuildPhase;
			buildActionMask = 2147483647;
			files = (
				9ABBEA4C2B014C3C00364BFE /* BookBridgeUITestsLaunchTests.swift in Sources */,
				9ABBEA4A2B014C3C00364BFE /* BookBridgeUITests.swift in Sources */,
			);
			runOnlyForDeploymentPostprocessing = 0;
		};
/* End PBXSourcesBuildPhase section */

/* Begin PBXTargetDependency section */
		9ABBEA3D2B014C3C00364BFE /* PBXTargetDependency */ = {
			isa = PBXTargetDependency;
			target = 9ABBEA2A2B014C3C00364BFE /* BookBridge */;
			targetProxy = 9ABBEA3C2B014C3C00364BFE /* PBXContainerItemProxy */;
		};
		9ABBEA472B014C3C00364BFE /* PBXTargetDependency */ = {
			isa = PBXTargetDependency;
			target = 9ABBEA2A2B014C3C00364BFE /* BookBridge */;
			targetProxy = 9ABBEA462B014C3C00364BFE /* PBXContainerItemProxy */;
		};
/* End PBXTargetDependency section */

/* Begin XCBuildConfiguration section */
		9ABBEA4D2B014C3D00364BFE /* Debug */ = {
			isa = XCBuildConfiguration;
			buildSettings = {
				ALWAYS_SEARCH_USER_PATHS = NO;
				CLANG_ANALYZER_NONNULL = YES;
				CLANG_ANALYZER_NUMBER_OBJECT_CONVERSION = YES_AGGRESSIVE;
				CLANG_CXX_LANGUAGE_STANDARD = "gnu++20";
				CLANG_ENABLE_MODULES = YES;
				CLANG_ENABLE_OBJC_ARC = YES;
				CLANG_ENABLE_OBJC_WEAK = YES;
				CLANG_WARN_BLOCK_CAPTURE_AUTORELEASING = YES;
				CLANG_WARN_BOOL_CONVERSION = YES;
				CLANG_WARN_COMMA = YES;
				CLANG_WARN_CONSTANT_CONVERSION = YES;
				CLANG_WARN_DEPRECATED_OBJC_IMPLEMENTATIONS = YES;
				CLANG_WARN_DIRECT_OBJC_ISA_USAGE = YES_ERROR;
				CLANG_WARN_DOCUMENTATION_COMMENTS = YES;
				CLANG_WARN_EMPTY_BODY = YES;
				CLANG_WARN_ENUM_CONVERSION = YES;
				CLANG_WARN_INFINITE_RECURSION = YES;
				CLANG_WARN_INT_CONVERSION = YES;
				CLANG_WARN_NON_LITERAL_NULL_CONVERSION = YES;
				CLANG_WARN_OBJC_IMPLICIT_RETAIN_SELF = YES;
				CLANG_WARN_OBJC_LITERAL_CONVERSION = YES;
				CLANG_WARN_OBJC_ROOT_CLASS = YES_ERROR;
				CLANG_WARN_QUOTED_INCLUDE_IN_FRAMEWORK_HEADER = YES;
				CLANG_WARN_RANGE_LOOP_ANALYSIS = YES;
				CLANG_WARN_STRICT_PROTOTYPES = YES;
				CLANG_WARN_SUSPICIOUS_MOVE = YES;
				CLANG_WARN_UNGUARDED_AVAILABILITY = YES_AGGRESSIVE;
				CLANG_WARN_UNREACHABLE_CODE = YES;
				CLANG_WARN__DUPLICATE_METHOD_MATCH = YES;
				COPY_PHASE_STRIP = NO;
				DEBUG_INFORMATION_FORMAT = dwarf;
				ENABLE_STRICT_OBJC_MSGSEND = YES;
				ENABLE_TESTABILITY = YES;
				GCC_C_LANGUAGE_STANDARD = gnu11;
				GCC_DYNAMIC_NO_PIC = NO;
				GCC_NO_COMMON_BLOCKS = YES;
				GCC_OPTIMIZATION_LEVEL = 0;
				GCC_PREPROCESSOR_DEFINITIONS = (
					"DEBUG=1",
					"$(inherited)",
				);
				GCC_WARN_64_TO_32_BIT_CONVERSION = YES;
				GCC_WARN_ABOUT_RETURN_TYPE = YES_ERROR;
				GCC_WARN_UNDECLARED_SELECTOR = YES;
				GCC_WARN_UNINITIALIZED_AUTOS = YES_AGGRESSIVE;
				GCC_WARN_UNUSED_FUNCTION = YES;
				GCC_WARN_UNUSED_VARIABLE = YES;
				IPHONEOS_DEPLOYMENT_TARGET = 16.4;
				MTL_ENABLE_DEBUG_INFO = INCLUDE_SOURCE;
				MTL_FAST_MATH = YES;
				ONLY_ACTIVE_ARCH = YES;
				SDKROOT = iphoneos;
				SWIFT_ACTIVE_COMPILATION_CONDITIONS = DEBUG;
				SWIFT_OPTIMIZATION_LEVEL = "-Onone";
			};
			name = Debug;
		};
		9ABBEA4E2B014C3D00364BFE /* Release */ = {
			isa = XCBuildConfiguration;
			buildSettings = {
				ALWAYS_SEARCH_USER_PATHS = NO;
				CLANG_ANALYZER_NONNULL = YES;
				CLANG_ANALYZER_NUMBER_OBJECT_CONVERSION = YES_AGGRESSIVE;
				CLANG_CXX_LANGUAGE_STANDARD = "gnu++20";
				CLANG_ENABLE_MODULES = YES;
				CLANG_ENABLE_OBJC_ARC = YES;
				CLANG_ENABLE_OBJC_WEAK = YES;
				CLANG_WARN_BLOCK_CAPTURE_AUTORELEASING = YES;
				CLANG_WARN_BOOL_CONVERSION = YES;
				CLANG_WARN_COMMA = YES;
				CLANG_WARN_CONSTANT_CONVERSION = YES;
				CLANG_WARN_DEPRECATED_OBJC_IMPLEMENTATIONS = YES;
				CLANG_WARN_DIRECT_OBJC_ISA_USAGE = YES_ERROR;
				CLANG_WARN_DOCUMENTATION_COMMENTS = YES;
				CLANG_WARN_EMPTY_BODY = YES;
				CLANG_WARN_ENUM_CONVERSION = YES;
				CLANG_WARN_INFINITE_RECURSION = YES;
				CLANG_WARN_INT_CONVERSION = YES;
				CLANG_WARN_NON_LITERAL_NULL_CONVERSION = YES;
				CLANG_WARN_OBJC_IMPLICIT_RETAIN_SELF = YES;
				CLANG_WARN_OBJC_LITERAL_CONVERSION = YES;
				CLANG_WARN_OBJC_ROOT_CLASS = YES_ERROR;
				CLANG_WARN_QUOTED_INCLUDE_IN_FRAMEWORK_HEADER = YES;
				CLANG_WARN_RANGE_LOOP_ANALYSIS = YES;
				CLANG_WARN_STRICT_PROTOTYPES = YES;
				CLANG_WARN_SUSPICIOUS_MOVE = YES;
				CLANG_WARN_UNGUARDED_AVAILABILITY = YES_AGGRESSIVE;
				CLANG_WARN_UNREACHABLE_CODE = YES;
				CLANG_WARN__DUPLICATE_METHOD_MATCH = YES;
				COPY_PHASE_STRIP = NO;
				DEBUG_INFORMATION_FORMAT = "dwarf-with-dsym";
				ENABLE_NS_ASSERTIONS = NO;
				ENABLE_STRICT_OBJC_MSGSEND = YES;
				GCC_C_LANGUAGE_STANDARD = gnu11;
				GCC_NO_COMMON_BLOCKS = YES;
				GCC_WARN_64_TO_32_BIT_CONVERSION = YES;
				GCC_WARN_ABOUT_RETURN_TYPE = YES_ERROR;
				GCC_WARN_UNDECLARED_SELECTOR = YES;
				GCC_WARN_UNINITIALIZED_AUTOS = YES_AGGRESSIVE;
				GCC_WARN_UNUSED_FUNCTION = YES;
				GCC_WARN_UNUSED_VARIABLE = YES;
				IPHONEOS_DEPLOYMENT_TARGET = 16.4;
				MTL_ENABLE_DEBUG_INFO = NO;
				MTL_FAST_MATH = YES;
				SDKROOT = iphoneos;
				SWIFT_COMPILATION_MODE = wholemodule;
				SWIFT_OPTIMIZATION_LEVEL = "-O";
				VALIDATE_PRODUCT = YES;
			};
			name = Release;
		};
		9ABBEA502B014C3D00364BFE /* Debug */ = {
			isa = XCBuildConfiguration;
			buildSettings = {
				ASSETCATALOG_COMPILER_APPICON_NAME = AppIcon;
				ASSETCATALOG_COMPILER_GLOBAL_ACCENT_COLOR_NAME = AccentColor;
				CODE_SIGN_STYLE = Automatic;
				CURRENT_PROJECT_VERSION = 1;
				DEVELOPMENT_ASSET_PATHS = "\"BookBridge/Preview Content\"";
				ENABLE_PREVIEWS = YES;
				GENERATE_INFOPLIST_FILE = YES;
				INFOPLIST_KEY_UIApplicationSceneManifest_Generation = YES;
				INFOPLIST_KEY_UIApplicationSupportsIndirectInputEvents = YES;
				INFOPLIST_KEY_UILaunchScreen_Generation = YES;
				INFOPLIST_KEY_UISupportedInterfaceOrientations_iPad = "UIInterfaceOrientationPortrait UIInterfaceOrientationPortraitUpsideDown UIInterfaceOrientationLandscapeLeft UIInterfaceOrientationLandscapeRight";
				INFOPLIST_KEY_UISupportedInterfaceOrientations_iPhone = "UIInterfaceOrientationPortrait UIInterfaceOrientationLandscapeLeft UIInterfaceOrientationLandscapeRight";
				LD_RUNPATH_SEARCH_PATHS = (
					"$(inherited)",
					"@executable_path/Frameworks",
				);
				MARKETING_VERSION = 1.0;
				PRODUCT_BUNDLE_IDENTIFIER = beste.BookBridge;
				PRODUCT_NAME = "$(TARGET_NAME)";
				SWIFT_EMIT_LOC_STRINGS = YES;
				SWIFT_VERSION = 5.0;
				TARGETED_DEVICE_FAMILY = "1,2";
			};
			name = Debug;
		};
		9ABBEA512B014C3D00364BFE /* Release */ = {
			isa = XCBuildConfiguration;
			buildSettings = {
				ASSETCATALOG_COMPILER_APPICON_NAME = AppIcon;
				ASSETCATALOG_COMPILER_GLOBAL_ACCENT_COLOR_NAME = AccentColor;
				CODE_SIGN_STYLE = Automatic;
				CURRENT_PROJECT_VERSION = 1;
				DEVELOPMENT_ASSET_PATHS = "\"BookBridge/Preview Content\"";
				ENABLE_PREVIEWS = YES;
				GENERATE_INFOPLIST_FILE = YES;
				INFOPLIST_KEY_UIApplicationSceneManifest_Generation = YES;
				INFOPLIST_KEY_UIApplicationSupportsIndirectInputEvents = YES;
				INFOPLIST_KEY_UILaunchScreen_Generation = YES;
				INFOPLIST_KEY_UISupportedInterfaceOrientations_iPad = "UIInterfaceOrientationPortrait UIInterfaceOrientationPortraitUpsideDown UIInterfaceOrientationLandscapeLeft UIInterfaceOrientationLandscapeRight";
				INFOPLIST_KEY_UISupportedInterfaceOrientations_iPhone = "UIInterfaceOrientationPortrait UIInterfaceOrientationLandscapeLeft UIInterfaceOrientationLandscapeRight";
				LD_RUNPATH_SEARCH_PATHS = (
					"$(inherited)",
					"@executable_path/Frameworks",
				);
				MARKETING_VERSION = 1.0;
				PRODUCT_BUNDLE_IDENTIFIER = beste.BookBridge;
				PRODUCT_NAME = "$(TARGET_NAME)";
				SWIFT_EMIT_LOC_STRINGS = YES;
				SWIFT_VERSION = 5.0;
				TARGETED_DEVICE_FAMILY = "1,2";
			};
			name = Release;
		};
		9ABBEA532B014C3D00364BFE /* Debug */ = {
			isa = XCBuildConfiguration;
			buildSettings = {
				ALWAYS_EMBED_SWIFT_STANDARD_LIBRARIES = YES;
				BUNDLE_LOADER = "$(TEST_HOST)";
				CODE_SIGN_STYLE = Automatic;
				CURRENT_PROJECT_VERSION = 1;
				GENERATE_INFOPLIST_FILE = YES;
				IPHONEOS_DEPLOYMENT_TARGET = 16.4;
				MARKETING_VERSION = 1.0;
				PRODUCT_BUNDLE_IDENTIFIER = beste.BookBridgeTests;
				PRODUCT_NAME = "$(TARGET_NAME)";
				SWIFT_EMIT_LOC_STRINGS = NO;
				SWIFT_VERSION = 5.0;
				TARGETED_DEVICE_FAMILY = "1,2";
				TEST_HOST = "$(BUILT_PRODUCTS_DIR)/BookBridge.app/$(BUNDLE_EXECUTABLE_FOLDER_PATH)/BookBridge";
			};
			name = Debug;
		};
		9ABBEA542B014C3D00364BFE /* Release */ = {
			isa = XCBuildConfiguration;
			buildSettings = {
				ALWAYS_EMBED_SWIFT_STANDARD_LIBRARIES = YES;
				BUNDLE_LOADER = "$(TEST_HOST)";
				CODE_SIGN_STYLE = Automatic;
				CURRENT_PROJECT_VERSION = 1;
				GENERATE_INFOPLIST_FILE = YES;
				IPHONEOS_DEPLOYMENT_TARGET = 16.4;
				MARKETING_VERSION = 1.0;
				PRODUCT_BUNDLE_IDENTIFIER = beste.BookBridgeTests;
				PRODUCT_NAME = "$(TARGET_NAME)";
				SWIFT_EMIT_LOC_STRINGS = NO;
				SWIFT_VERSION = 5.0;
				TARGETED_DEVICE_FAMILY = "1,2";
				TEST_HOST = "$(BUILT_PRODUCTS_DIR)/BookBridge.app/$(BUNDLE_EXECUTABLE_FOLDER_PATH)/BookBridge";
			};
			name = Release;
		};
		9ABBEA562B014C3D00364BFE /* Debug */ = {
			isa = XCBuildConfiguration;
			buildSettings = {
				ALWAYS_EMBED_SWIFT_STANDARD_LIBRARIES = YES;
				CODE_SIGN_STYLE = Automatic;
				CURRENT_PROJECT_VERSION = 1;
				GENERATE_INFOPLIST_FILE = YES;
				MARKETING_VERSION = 1.0;
				PRODUCT_BUNDLE_IDENTIFIER = beste.BookBridgeUITests;
				PRODUCT_NAME = "$(TARGET_NAME)";
				SWIFT_EMIT_LOC_STRINGS = NO;
				SWIFT_VERSION = 5.0;
				TARGETED_DEVICE_FAMILY = "1,2";
				TEST_TARGET_NAME = BookBridge;
			};
			name = Debug;
		};
		9ABBEA572B014C3D00364BFE /* Release */ = {
			isa = XCBuildConfiguration;
			buildSettings = {
				ALWAYS_EMBED_SWIFT_STANDARD_LIBRARIES = YES;
				CODE_SIGN_STYLE = Automatic;
				CURRENT_PROJECT_VERSION = 1;
				GENERATE_INFOPLIST_FILE = YES;
				MARKETING_VERSION = 1.0;
				PRODUCT_BUNDLE_IDENTIFIER = beste.BookBridgeUITests;
				PRODUCT_NAME = "$(TARGET_NAME)";
				SWIFT_EMIT_LOC_STRINGS = NO;
				SWIFT_VERSION = 5.0;
				TARGETED_DEVICE_FAMILY = "1,2";
				TEST_TARGET_NAME = BookBridge;
			};
			name = Release;
		};
/* End XCBuildConfiguration section */

/* Begin XCConfigurationList section */
		9ABBEA262B014C3C00364BFE /* Build configuration list for PBXProject "BookBridge" */ = {
			isa = XCConfigurationList;
			buildConfigurations = (
				9ABBEA4D2B014C3D00364BFE /* Debug */,
				9ABBEA4E2B014C3D00364BFE /* Release */,
			);
			defaultConfigurationIsVisible = 0;
			defaultConfigurationName = Release;
		};
		9ABBEA4F2B014C3D00364BFE /* Build configuration list for PBXNativeTarget "BookBridge" */ = {
			isa = XCConfigurationList;
			buildConfigurations = (
				9ABBEA502B014C3D00364BFE /* Debug */,
				9ABBEA512B014C3D00364BFE /* Release */,
			);
			defaultConfigurationIsVisible = 0;
			defaultConfigurationName = Release;
		};
		9ABBEA522B014C3D00364BFE /* Build configuration list for PBXNativeTarget "BookBridgeTests" */ = {
			isa = XCConfigurationList;
			buildConfigurations = (
				9ABBEA532B014C3D00364BFE /* Debug */,
				9ABBEA542B014C3D00364BFE /* Release */,
			);
			defaultConfigurationIsVisible = 0;
			defaultConfigurationName = Release;
		};
		9ABBEA552B014C3D00364BFE /* Build configuration list for PBXNativeTarget "BookBridgeUITests" */ = {
			isa = XCConfigurationList;
			buildConfigurations = (
				9ABBEA562B014C3D00364BFE /* Debug */,
				9ABBEA572B014C3D00364BFE /* Release */,
			);
			defaultConfigurationIsVisible = 0;
			defaultConfigurationName = Release;
		};
/* End XCConfigurationList section */

/* Begin XCRemoteSwiftPackageReference section */
		9AFD0AB12B02AD02009473BC /* XCRemoteSwiftPackageReference "firebase-ios-sdk" */ = {
			isa = XCRemoteSwiftPackageReference;
			repositoryURL = "https://github.com/firebase/firebase-ios-sdk";
			requirement = {
				kind = upToNextMajorVersion;
				minimumVersion = 10.0.0;
			};
		};
/* End XCRemoteSwiftPackageReference section */

/* Begin XCSwiftPackageProductDependency section */
		9AFD0AB22B02AD02009473BC /* FirebaseAnalytics */ = {
			isa = XCSwiftPackageProductDependency;
			package = 9AFD0AB12B02AD02009473BC /* XCRemoteSwiftPackageReference "firebase-ios-sdk" */;
			productName = FirebaseAnalytics;
		};
		9AFD0AB42B02AD02009473BC /* FirebaseAnalyticsOnDeviceConversion */ = {
			isa = XCSwiftPackageProductDependency;
			package = 9AFD0AB12B02AD02009473BC /* XCRemoteSwiftPackageReference "firebase-ios-sdk" */;
			productName = FirebaseAnalyticsOnDeviceConversion;
		};
		9AFD0AB62B02AD02009473BC /* FirebaseAnalyticsSwift */ = {
			isa = XCSwiftPackageProductDependency;
			package = 9AFD0AB12B02AD02009473BC /* XCRemoteSwiftPackageReference "firebase-ios-sdk" */;
			productName = FirebaseAnalyticsSwift;
		};
		9AFD0AB82B02AD02009473BC /* FirebaseAnalyticsWithoutAdIdSupport */ = {
			isa = XCSwiftPackageProductDependency;
			package = 9AFD0AB12B02AD02009473BC /* XCRemoteSwiftPackageReference "firebase-ios-sdk" */;
			productName = FirebaseAnalyticsWithoutAdIdSupport;
		};
		9AFD0ABA2B02AD02009473BC /* FirebaseAppCheck */ = {
			isa = XCSwiftPackageProductDependency;
			package = 9AFD0AB12B02AD02009473BC /* XCRemoteSwiftPackageReference "firebase-ios-sdk" */;
			productName = FirebaseAppCheck;
		};
		9AFD0ABC2B02AD02009473BC /* FirebaseAppDistribution-Beta */ = {
			isa = XCSwiftPackageProductDependency;
			package = 9AFD0AB12B02AD02009473BC /* XCRemoteSwiftPackageReference "firebase-ios-sdk" */;
			productName = "FirebaseAppDistribution-Beta";
		};
		9AFD0ABE2B02AD02009473BC /* FirebaseAuth */ = {
			isa = XCSwiftPackageProductDependency;
			package = 9AFD0AB12B02AD02009473BC /* XCRemoteSwiftPackageReference "firebase-ios-sdk" */;
			productName = FirebaseAuth;
		};
		9AFD0AC02B02AD02009473BC /* FirebaseAuthCombine-Community */ = {
			isa = XCSwiftPackageProductDependency;
			package = 9AFD0AB12B02AD02009473BC /* XCRemoteSwiftPackageReference "firebase-ios-sdk" */;
			productName = "FirebaseAuthCombine-Community";
		};
		9AFD0AC22B02AD02009473BC /* FirebaseCrashlytics */ = {
			isa = XCSwiftPackageProductDependency;
			package = 9AFD0AB12B02AD02009473BC /* XCRemoteSwiftPackageReference "firebase-ios-sdk" */;
			productName = FirebaseCrashlytics;
		};
		9AFD0AC42B02AD02009473BC /* FirebaseDatabase */ = {
			isa = XCSwiftPackageProductDependency;
			package = 9AFD0AB12B02AD02009473BC /* XCRemoteSwiftPackageReference "firebase-ios-sdk" */;
			productName = FirebaseDatabase;
		};
		9AFD0AC62B02AD02009473BC /* FirebaseDatabaseSwift */ = {
			isa = XCSwiftPackageProductDependency;
			package = 9AFD0AB12B02AD02009473BC /* XCRemoteSwiftPackageReference "firebase-ios-sdk" */;
			productName = FirebaseDatabaseSwift;
		};
		9AFD0AC82B02AD02009473BC /* FirebaseDynamicLinks */ = {
			isa = XCSwiftPackageProductDependency;
			package = 9AFD0AB12B02AD02009473BC /* XCRemoteSwiftPackageReference "firebase-ios-sdk" */;
			productName = FirebaseDynamicLinks;
		};
		9AFD0ACA2B02AD02009473BC /* FirebaseFirestore */ = {
			isa = XCSwiftPackageProductDependency;
			package = 9AFD0AB12B02AD02009473BC /* XCRemoteSwiftPackageReference "firebase-ios-sdk" */;
			productName = FirebaseFirestore;
		};
		9AFD0ACC2B02AD02009473BC /* FirebaseFirestoreCombine-Community */ = {
			isa = XCSwiftPackageProductDependency;
			package = 9AFD0AB12B02AD02009473BC /* XCRemoteSwiftPackageReference "firebase-ios-sdk" */;
			productName = "FirebaseFirestoreCombine-Community";
		};
		9AFD0ACE2B02AD02009473BC /* FirebaseFirestoreSwift */ = {
			isa = XCSwiftPackageProductDependency;
			package = 9AFD0AB12B02AD02009473BC /* XCRemoteSwiftPackageReference "firebase-ios-sdk" */;
			productName = FirebaseFirestoreSwift;
		};
		9AFD0AD02B02AD02009473BC /* FirebaseFunctions */ = {
			isa = XCSwiftPackageProductDependency;
			package = 9AFD0AB12B02AD02009473BC /* XCRemoteSwiftPackageReference "firebase-ios-sdk" */;
			productName = FirebaseFunctions;
		};
		9AFD0AD22B02AD02009473BC /* FirebaseFunctionsCombine-Community */ = {
			isa = XCSwiftPackageProductDependency;
			package = 9AFD0AB12B02AD02009473BC /* XCRemoteSwiftPackageReference "firebase-ios-sdk" */;
			productName = "FirebaseFunctionsCombine-Community";
		};
		9AFD0AD42B02AD02009473BC /* FirebaseInAppMessaging-Beta */ = {
			isa = XCSwiftPackageProductDependency;
			package = 9AFD0AB12B02AD02009473BC /* XCRemoteSwiftPackageReference "firebase-ios-sdk" */;
			productName = "FirebaseInAppMessaging-Beta";
		};
		9AFD0AD62B02AD02009473BC /* FirebaseInAppMessagingSwift-Beta */ = {
			isa = XCSwiftPackageProductDependency;
			package = 9AFD0AB12B02AD02009473BC /* XCRemoteSwiftPackageReference "firebase-ios-sdk" */;
			productName = "FirebaseInAppMessagingSwift-Beta";
		};
		9AFD0AD82B02AD02009473BC /* FirebaseInstallations */ = {
			isa = XCSwiftPackageProductDependency;
			package = 9AFD0AB12B02AD02009473BC /* XCRemoteSwiftPackageReference "firebase-ios-sdk" */;
			productName = FirebaseInstallations;
		};
		9AFD0ADA2B02AD02009473BC /* FirebaseMLModelDownloader */ = {
			isa = XCSwiftPackageProductDependency;
			package = 9AFD0AB12B02AD02009473BC /* XCRemoteSwiftPackageReference "firebase-ios-sdk" */;
			productName = FirebaseMLModelDownloader;
		};
		9AFD0ADC2B02AD02009473BC /* FirebaseMessaging */ = {
			isa = XCSwiftPackageProductDependency;
			package = 9AFD0AB12B02AD02009473BC /* XCRemoteSwiftPackageReference "firebase-ios-sdk" */;
			productName = FirebaseMessaging;
		};
		9AFD0ADE2B02AD02009473BC /* FirebasePerformance */ = {
			isa = XCSwiftPackageProductDependency;
			package = 9AFD0AB12B02AD02009473BC /* XCRemoteSwiftPackageReference "firebase-ios-sdk" */;
			productName = FirebasePerformance;
		};
		9AFD0AE02B02AD02009473BC /* FirebaseRemoteConfig */ = {
			isa = XCSwiftPackageProductDependency;
			package = 9AFD0AB12B02AD02009473BC /* XCRemoteSwiftPackageReference "firebase-ios-sdk" */;
			productName = FirebaseRemoteConfig;
		};
		9AFD0AE22B02AD02009473BC /* FirebaseRemoteConfigSwift */ = {
			isa = XCSwiftPackageProductDependency;
			package = 9AFD0AB12B02AD02009473BC /* XCRemoteSwiftPackageReference "firebase-ios-sdk" */;
			productName = FirebaseRemoteConfigSwift;
		};
		9AFD0AE42B02AD02009473BC /* FirebaseStorage */ = {
			isa = XCSwiftPackageProductDependency;
			package = 9AFD0AB12B02AD02009473BC /* XCRemoteSwiftPackageReference "firebase-ios-sdk" */;
			productName = FirebaseStorage;
		};
		9AFD0AE62B02AD02009473BC /* FirebaseStorageCombine-Community */ = {
			isa = XCSwiftPackageProductDependency;
			package = 9AFD0AB12B02AD02009473BC /* XCRemoteSwiftPackageReference "firebase-ios-sdk" */;
			productName = "FirebaseStorageCombine-Community";
		};
/* End XCSwiftPackageProductDependency section */
	};
	rootObject = 9ABBEA232B014C3C00364BFE /* Project object */;
}
